
Microsoft Visual Studio Solution File, Format Version 12.00
# Visual Studio Version 16
VisualStudioVersion = 16.0.29020.237
MinimumVisualStudioVersion = 10.0.40219.1
Project("{FAE04EC0-301F-11D3-BF4B-00C04F79EFBC}") = "NextechSelectApi", "NextechSelectApi\NextechSelectApi.csproj", "{34502E58-E96B-4C31-B78A-05C13F917ACA}"
EndProject
Global
	GlobalSection(SolutionConfigurationPlatforms) = preSolution
		Debug|Any CPU = Debug|Any CPU
		Release|Any CPU = Release|Any CPU
	EndGlobalSection
	GlobalSection(ProjectConfigurationPlatforms) = postSolution
		{34502E58-E96B-4C31-B78A-05C13F917ACA}.Debug|Any CPU.ActiveCfg = Debug|Any CPU
		{34502E58-E96B-4C31-B78A-05C13F917ACA}.Debug|Any CPU.Build.0 = Debug|Any CPU
		{34502E58-E96B-4C31-B78A-05C13F917ACA}.Release|Any CPU.ActiveCfg = Release|Any CPU
		{34502E58-E96B-4C31-B78A-05C13F917ACA}.Release|Any CPU.Build.0 = Release|Any CPU
	EndGlobalSection
	GlobalSection(SolutionProperties) = preSolution
		HideSolutionNode = FALSE
	EndGlobalSection
	GlobalSection(ExtensibilityGlobals) = postSolution
		SolutionGuid = {1F606145-FB52-471A-B0F1-D257CF453395}
	EndGlobalSection
EndGlobal
